
Microsoft Visual Studio Solution File, Format Version 12.00
# Visual Studio Version 17
VisualStudioVersion = 17.0.32112.339
MinimumVisualStudioVersion = 10.0.40219.1
Project("{FAE04EC0-301F-11D3-BF4B-00C04F79EFBC}") = "Potkot Academy", "Potkot Academy\Potkot Academy.csproj", "{FF164CC6-852B-4A0D-957D-F78B89007559}"
EndProject
Global
	GlobalSection(SolutionConfigurationPlatforms) = preSolution
		Debug|Any CPU = Debug|Any CPU
		Release|Any CPU = Release|Any CPU
	EndGlobalSection
	GlobalSection(ProjectConfigurationPlatforms) = postSolution
		{FF164CC6-852B-4A0D-957D-F78B89007559}.Debug|Any CPU.ActiveCfg = Debug|Any CPU
		{FF164CC6-852B-4A0D-957D-F78B89007559}.Debug|Any CPU.Build.0 = Debug|Any CPU
		{FF164CC6-852B-4A0D-957D-F78B89007559}.Release|Any CPU.ActiveCfg = Release|Any CPU
		{FF164CC6-852B-4A0D-957D-F78B89007559}.Release|Any CPU.Build.0 = Release|Any CPU
	EndGlobalSection
	GlobalSection(SolutionProperties) = preSolution
		HideSolutionNode = FALSE
	EndGlobalSection
	GlobalSection(ExtensibilityGlobals) = postSolution
		SolutionGuid = {E2A1B13A-1F48-49E3-B793-BDF270F10F58}
	EndGlobalSection
EndGlobal
